// !$*UTF8*$!
{
	archiveVersion = 1;
	classes = {
	};
	objectVersion = 46;
	objects = {

/* Begin PBXBuildFile section */
		2C506B581B9A7C4800D2B390 /* AppDelegate.swift in Sources */ = {isa = PBXBuildFile; fileRef = 2C506B571B9A7C4800D2B390 /* AppDelegate.swift */; };
		2C506B5A1B9A7C4800D2B390 /* Images.xcassets in Resources */ = {isa = PBXBuildFile; fileRef = 2C506B591B9A7C4800D2B390 /* Images.xcassets */; };
		2C506B5D1B9A7C4800D2B390 /* MainMenu.xib in Resources */ = {isa = PBXBuildFile; fileRef = 2C506B5B1B9A7C4800D2B390 /* MainMenu.xib */; };
		2C506B741B9A7D0F00D2B390 /* LMZGaugeView.swift in Sources */ = {isa = PBXBuildFile; fileRef = 2C506B731B9A7D0F00D2B390 /* LMZGaugeView.swift */; };
		2C506B761B9B458D00D2B390 /* LMZGaugeDelegate.swift in Sources */ = {isa = PBXBuildFile; fileRef = 2C506B751B9B458D00D2B390 /* LMZGaugeDelegate.swift */; };
/* End PBXBuildFile section */

/* Begin PBXFileReference section */
		2C506B521B9A7C4800D2B390 /* LMZGaugeView.app */ = {isa = PBXFileReference; explicitFileType = wrapper.application; includeInIndex = 0; path = LMZGaugeView.app; sourceTree = BUILT_PRODUCTS_DIR; };
		2C506B561B9A7C4800D2B390 /* Info.plist */ = {isa = PBXFileReference; lastKnownFileType = text.plist.xml; path = Info.plist; sourceTree = "<group>"; };
		2C506B571B9A7C4800D2B390 /* AppDelegate.swift */ = {isa = PBXFileReference; lastKnownFileType = sourcecode.swift; path = AppDelegate.swift; sourceTree = "<group>"; };
		2C506B591B9A7C4800D2B390 /* Images.xcassets */ = {isa = PBXFileReference; lastKnownFileType = folder.assetcatalog; path = Images.xcassets; sourceTree = "<group>"; };
		2C506B5C1B9A7C4800D2B390 /* Base */ = {isa = PBXFileReference; lastKnownFileType = file.xib; name = Base; path = Base.lproj/MainMenu.xib; sourceTree = "<group>"; };
		2C506B731B9A7D0F00D2B390 /* LMZGaugeView.swift */ = {isa = PBXFileReference; fileEncoding = 4; lastKnownFileType = sourcecode.swift; name = LMZGaugeView.swift; path = LMZGaugeView/LMZGaugeView.swift; sourceTree = "<group>"; };
		2C506B751B9B458D00D2B390 /* LMZGaugeDelegate.swift */ = {isa = PBXFileReference; fileEncoding = 4; lastKnownFileType = sourcecode.swift; path = LMZGaugeDelegate.swift; sourceTree = "<group>"; };
/* End PBXFileReference section */

/* Begin PBXFrameworksBuildPhase section */
		2C506B4F1B9A7C4800D2B390 /* Frameworks */ = {
			isa = PBXFrameworksBuildPhase;
			buildActionMask = 2147483647;
			files = (
			);
			runOnlyForDeploymentPostprocessing = 0;
		};
/* End PBXFrameworksBuildPhase section */

/* Begin PBXGroup section */
		2C506B491B9A7C4800D2B390 = {
			isa = PBXGroup;
			children = (
				2C506B721B9A7C7600D2B390 /* LMZGaugeView */,
				2C506B541B9A7C4800D2B390 /* LMZGaugeViewTest */,
				2C506B531B9A7C4800D2B390 /* Products */,
			);
			sourceTree = "<group>";
		};
		2C506B531B9A7C4800D2B390 /* Products */ = {
			isa = PBXGroup;
			children = (
				2C506B521B9A7C4800D2B390 /* LMZGaugeView.app */,
			);
			name = Products;
			sourceTree = "<group>";
		};
		2C506B541B9A7C4800D2B390 /* LMZGaugeViewTest */ = {
			isa = PBXGroup;
			children = (
				2C506B571B9A7C4800D2B390 /* AppDelegate.swift */,
				2C506B591B9A7C4800D2B390 /* Images.xcassets */,
				2C506B5B1B9A7C4800D2B390 /* MainMenu.xib */,
				2C506B551B9A7C4800D2B390 /* Supporting Files */,
				2C506B751B9B458D00D2B390 /* LMZGaugeDelegate.swift */,
			);
			path = LMZGaugeViewTest;
			sourceTree = "<group>";
		};
		2C506B551B9A7C4800D2B390 /* Supporting Files */ = {
			isa = PBXGroup;
			children = (
				2C506B561B9A7C4800D2B390 /* Info.plist */,
			);
			name = "Supporting Files";
			sourceTree = "<group>";
		};
		2C506B721B9A7C7600D2B390 /* LMZGaugeView */ = {
			isa = PBXGroup;
			children = (
				2C506B731B9A7D0F00D2B390 /* LMZGaugeView.swift */,
			);
			name = LMZGaugeView;
			sourceTree = "<group>";
		};
/* End PBXGroup section */

/* Begin PBXNativeTarget section */
		2C506B511B9A7C4800D2B390 /* LMZGaugeView */ = {
			isa = PBXNativeTarget;
			buildConfigurationList = 2C506B6C1B9A7C4900D2B390 /* Build configuration list for PBXNativeTarget "LMZGaugeView" */;
			buildPhases = (
				2C506B4E1B9A7C4800D2B390 /* Sources */,
				2C506B4F1B9A7C4800D2B390 /* Frameworks */,
				2C506B501B9A7C4800D2B390 /* Resources */,
			);
			buildRules = (
			);
			dependencies = (
			);
			name = LMZGaugeView;
			productName = LMZGaugeView;
			productReference = 2C506B521B9A7C4800D2B390 /* LMZGaugeView.app */;
			productType = "com.apple.product-type.application";
		};
/* End PBXNativeTarget section */

/* Begin PBXProject section */
		2C506B4A1B9A7C4800D2B390 /* Project object */ = {
			isa = PBXProject;
			attributes = {
				LastUpgradeCheck = 0640;
				ORGANIZATIONNAME = ZDima;
				TargetAttributes = {
					2C506B511B9A7C4800D2B390 = {
						CreatedOnToolsVersion = 6.4;
					};
				};
			};
			buildConfigurationList = 2C506B4D1B9A7C4800D2B390 /* Build configuration list for PBXProject "LMZGaugeView" */;
			compatibilityVersion = "Xcode 3.2";
			developmentRegion = English;
			hasScannedForEncodings = 0;
			knownRegions = (
				en,
				Base,
			);
			mainGroup = 2C506B491B9A7C4800D2B390;
			productRefGroup = 2C506B531B9A7C4800D2B390 /* Products */;
			projectDirPath = "";
			projectRoot = "";
			targets = (
				2C506B511B9A7C4800D2B390 /* LMZGaugeView */,
			);
		};
/* End PBXProject section */

/* Begin PBXResourcesBuildPhase section */
		2C506B501B9A7C4800D2B390 /* Resources */ = {
			isa = PBXResourcesBuildPhase;
			buildActionMask = 2147483647;
			files = (
				2C506B5A1B9A7C4800D2B390 /* Images.xcassets in Resources */,
				2C506B5D1B9A7C4800D2B390 /* MainMenu.xib in Resources */,
			);
			runOnlyForDeploymentPostprocessing = 0;
		};
/* End PBXResourcesBuildPhase section */

/* Begin PBXSourcesBuildPhase section */
		2C506B4E1B9A7C4800D2B390 /* Sources */ = {
			isa = PBXSourcesBuildPhase;
			buildActionMask = 2147483647;
			files = (
				2C506B741B9A7D0F00D2B390 /* LMZGaugeView.swift in Sources */,
				2C506B581B9A7C4800D2B390 /* AppDelegate.swift in Sources */,
				2C506B761B9B458D00D2B390 /* LMZGaugeDelegate.swift in Sources */,
			);
			runOnlyForDeploymentPostprocessing = 0;
		};
/* End PBXSourcesBuildPhase section */

/* Begin PBXVariantGroup section */
		2C506B5B1B9A7C4800D2B390 /* MainMenu.xib */ = {
			isa = PBXVariantGroup;
			children = (
				2C506B5C1B9A7C4800D2B390 /* Base */,
			);
			name = MainMenu.xib;
			sourceTree = "<group>";
		};
/* End PBXVariantGroup section */

/* Begin XCBuildConfiguration section */
		2C506B6A1B9A7C4900D2B390 /* Debug */ = {
			isa = XCBuildConfiguration;
			buildSettings = {
				ALWAYS_SEARCH_USER_PATHS = NO;
				CLANG_CXX_LANGUAGE_STANDARD = "gnu++0x";
				CLANG_CXX_LIBRARY = "libc++";
				CLANG_ENABLE_MODULES = YES;
				CLANG_ENABLE_OBJC_ARC = YES;
				CLANG_WARN_BOOL_CONVERSION = YES;
				CLANG_WARN_CONSTANT_CONVERSION = YES;
				CLANG_WARN_DIRECT_OBJC_ISA_USAGE = YES_ERROR;
				CLANG_WARN_EMPTY_BODY = YES;
				CLANG_WARN_ENUM_CONVERSION = YES;
				CLANG_WARN_INT_CONVERSION = YES;
				CLANG_WARN_OBJC_ROOT_CLASS = YES_ERROR;
				CLANG_WARN_UNREACHABLE_CODE = YES;
				CLANG_WARN__DUPLICATE_METHOD_MATCH = YES;
				CODE_SIGN_IDENTITY = "-";
				COPY_PHASE_STRIP = NO;
				DEBUG_INFORMATION_FORMAT = dwarf;
				ENABLE_STRICT_OBJC_MSGSEND = YES;
				GCC_C_LANGUAGE_STANDARD = gnu99;
				GCC_DYNAMIC_NO_PIC = NO;
				GCC_NO_COMMON_BLOCKS = YES;
				GCC_OPTIMIZATION_LEVEL = 0;
				GCC_PREPROCESSOR_DEFINITIONS = (
					"DEBUG=1",
					"$(inherited)",
				);
				GCC_SYMBOLS_PRIVATE_EXTERN = NO;
				GCC_WARN_64_TO_32_BIT_CONVERSION = YES;
				GCC_WARN_ABOUT_RETURN_TYPE = YES_ERROR;
				GCC_WARN_UNDECLARED_SELECTOR = YES;
				GCC_WARN_UNINITIALIZED_AUTOS = YES_AGGRESSIVE;
				GCC_WARN_UNUSED_FUNCTION = YES;
				GCC_WARN_UNUSED_VARIABLE = YES;
				MACOSX_DEPLOYMENT_TARGET = 10.10;
				MTL_ENABLE_DEBUG_INFO = YES;
				ONLY_ACTIVE_ARCH = YES;
				SDKROOT = macosx;
				SWIFT_OPTIMIZATION_LEVEL = "-Onone";
			};
			name = Debug;
		};
		2C506B6B1B9A7C4900D2B390 /* Release */ = {
			isa = XCBuildConfiguration;
			buildSettings = {
				ALWAYS_SEARCH_USER_PATHS = NO;
				CLANG_CXX_LANGUAGE_STANDARD = "gnu++0x";
				CLANG_CXX_LIBRARY = "libc++";
				CLANG_ENABLE_MODULES = YES;
				CLANG_ENABLE_OBJC_ARC = YES;
				CLANG_WARN_BOOL_CONVERSION = YES;
				CLANG_WARN_CONSTANT_CONVERSION = YES;
				CLANG_WARN_DIRECT_OBJC_ISA_USAGE = YES_ERROR;
				CLANG_WARN_EMPTY_BODY = YES;
				CLANG_WARN_ENUM_CONVERSION = YES;
				CLANG_WARN_INT_CONVERSION = YES;
				CLANG_WARN_OBJC_ROOT_CLASS = YES_ERROR;
				CLANG_WARN_UNREACHABLE_CODE = YES;
				CLANG_WARN__DUPLICATE_METHOD_MATCH = YES;
				CODE_SIGN_IDENTITY = "-";
				COPY_PHASE_STRIP = NO;
				DEBUG_INFORMATION_FORMAT = "dwarf-with-dsym";
				ENABLE_NS_ASSERTIONS = NO;
				ENABLE_STRICT_OBJC_MSGSEND = YES;
				GCC_C_LANGUAGE_STANDARD = gnu99;
				GCC_NO_COMMON_BLOCKS = YES;
				GCC_WARN_64_TO_32_BIT_CONVERSION = YES;
				GCC_WARN_ABOUT_RETURN_TYPE = YES_ERROR;
				GCC_WARN_UNDECLARED_SELECTOR = YES;
				GCC_WARN_UNINITIALIZED_AUTOS = YES_AGGRESSIVE;
				GCC_WARN_UNUSED_FUNCTION = YES;
				GCC_WARN_UNUSED_VARIABLE = YES;
				MACOSX_DEPLOYMENT_TARGET = 10.10;
				MTL_ENABLE_DEBUG_INFO = NO;
				SDKROOT = macosx;
			};
			name = Release;
		};
		2C506B6D1B9A7C4900D2B390 /* Debug */ = {
			isa = XCBuildConfiguration;
			buildSettings = {
				ASSETCATALOG_COMPILER_APPICON_NAME = AppIcon;
				COMBINE_HIDPI_IMAGES = YES;
				INFOPLIST_FILE = LMZGaugeViewTest/Info.plist;
				LD_RUNPATH_SEARCH_PATHS = "$(inherited) @executable_path/../Frameworks";
				PRODUCT_NAME = "$(TARGET_NAME)";
			};
			name = Debug;
		};
		2C506B6E1B9A7C4900D2B390 /* Release */ = {
			isa = XCBuildConfiguration;
			buildSettings = {
				ASSETCATALOG_COMPILER_APPICON_NAME = AppIcon;
				COMBINE_HIDPI_IMAGES = YES;
				INFOPLIST_FILE = LMZGaugeViewTest/Info.plist;
				LD_RUNPATH_SEARCH_PATHS = "$(inherited) @executable_path/../Frameworks";
				PRODUCT_NAME = "$(TARGET_NAME)";
			};
			name = Release;
		};
/* End XCBuildConfiguration section */

/* Begin XCConfigurationList section */
		2C506B4D1B9A7C4800D2B390 /* Build configuration list for PBXProject "LMZGaugeView" */ = {
			isa = XCConfigurationList;
			buildConfigurations = (
				2C506B6A1B9A7C4900D2B390 /* Debug */,
				2C506B6B1B9A7C4900D2B390 /* Release */,
			);
			defaultConfigurationIsVisible = 0;
			defaultConfigurationName = Release;
		};
		2C506B6C1B9A7C4900D2B390 /* Build configuration list for PBXNativeTarget "LMZGaugeView" */ = {
			isa = XCConfigurationList;
			buildConfigurations = (
				2C506B6D1B9A7C4900D2B390 /* Debug */,
				2C506B6E1B9A7C4900D2B390 /* Release */,
			);
			defaultConfigurationIsVisible = 0;
			defaultConfigurationName = Release;
		};
/* End XCConfigurationList section */
	};
	rootObject = 2C506B4A1B9A7C4800D2B390 /* Project object */;
}
